{
  "name": "dipiper",
  "version": "1.0.11",
  "lockfileVersion": 1,
  "requires": true,
  "dependencies": {
    "moment": {
      "version": "2.24.0",
      "resolved": "https://registry.npmjs.org/moment/-/moment-2.24.0.tgz",
      "integrity": "sha512-bV7f+6l2QigeBBZSM/6yTNq4P2fNpSWj/0e7jQcy87A8e7o2nAfP/34/2ky5Vw4B9S446EtIhodAzkFCcR4dQg=="
    },
    "string-format": {
      "version": "2.0.0",
      "resolved": "https://registry.npmjs.org/string-format/-/string-format-2.0.0.tgz",
      "integrity": "sha512-bbEs3scLeYNXLecRRuk6uJxdXUSj6le/8rNPHChIJTn2V79aXVTR1EH2OH5zLKKoz0V02fOUKZZcw01pLUShZA=="
    }
  }
}
